{
  "name": "semantic-password-generator",
  "version": "1.1.1",
  "lockfileVersion": 1,
  "dependencies": {
    "compromise": {
      "version": "10.5.0",
      "resolved": "https://registry.npmjs.org/compromise/-/compromise-10.5.0.tgz",
      "integrity": "sha512-Qdin4iwF+96ZNdEsoXnNrZysb+3xll8pap8Mkik3WIDNx46RIdMAVZdBzdjIs7nNEsSwbrFF87ERIxuwfMEBpQ=="
    },
    "ent": {
      "version": "2.2.0",
      "resolved": "https://registry.npmjs.org/ent/-/ent-2.2.0.tgz",
      "integrity": "sha1-6WQhkyWiHQX0RGai9obtbOX13R0="
    },
    "lodash.random": {
      "version": "3.2.0",
      "resolved": "https://registry.npmjs.org/lodash.random/-/lodash.random-3.2.0.tgz",
      "integrity": "sha1-luJOdjMzGZEw0sni/Vf5FwPMJi0="
    }
  }
}
